
Microsoft Visual Studio Solution File, Format Version 12.00
# Visual Studio Version 17
VisualStudioVersion = 17.11.35327.3
MinimumVisualStudioVersion = 10.0.40219.1
Project("{FAE04EC0-301F-11D3-BF4B-00C04F79EFBC}") = "ProductsAPI-Day4", "ProductsAPI-Day4\ProductsAPI-Day4.csproj", "{4E51B9CD-1903-4C35-A6AC-9563F6C0FF1E}"
EndProject
Global
	GlobalSection(SolutionConfigurationPlatforms) = preSolution
		Debug|Any CPU = Debug|Any CPU
		Release|Any CPU = Release|Any CPU
	EndGlobalSection
	GlobalSection(ProjectConfigurationPlatforms) = postSolution
		{4E51B9CD-1903-4C35-A6AC-9563F6C0FF1E}.Debug|Any CPU.ActiveCfg = Debug|Any CPU
		{4E51B9CD-1903-4C35-A6AC-9563F6C0FF1E}.Debug|Any CPU.Build.0 = Debug|Any CPU
		{4E51B9CD-1903-4C35-A6AC-9563F6C0FF1E}.Release|Any CPU.ActiveCfg = Release|Any CPU
		{4E51B9CD-1903-4C35-A6AC-9563F6C0FF1E}.Release|Any CPU.Build.0 = Release|Any CPU
	EndGlobalSection
	GlobalSection(SolutionProperties) = preSolution
		HideSolutionNode = FALSE
	EndGlobalSection
	GlobalSection(ExtensibilityGlobals) = postSolution
		SolutionGuid = {DD0448CC-49FD-4300-BF06-DC0A2BC93E0B}
	EndGlobalSection
EndGlobal
